
Microsoft Visual Studio Solution File, Format Version 12.00
# Visual Studio Version 17
VisualStudioVersion = 17.2.32602.215
MinimumVisualStudioVersion = 10.0.40219.1
Project("{9A19103F-16F7-4668-BE54-9A1E7A4F7556}") = "EMPLOYEE ALL ORGANIZATIONS WITH ENTITY", "EMPLOYEE ALL ORGANIZATIONS WITH ENTITY.csproj", "{4E62F619-A07F-4BAA-A5A2-748DB257BCB3}"
EndProject
Project("{FAE04EC0-301F-11D3-BF4B-00C04F79EFBC}") = "RUN DLL PROJECT", "RUN DLL PROJECT\RUN DLL PROJECT.csproj", "{030CC2E6-CA78-4490-BE52-A13EFF02CEAA}"
EndProject
Global
	GlobalSection(SolutionConfigurationPlatforms) = preSolution
		Debug|Any CPU = Debug|Any CPU
		Release|Any CPU = Release|Any CPU
	EndGlobalSection
	GlobalSection(ProjectConfigurationPlatforms) = postSolution
		{4E62F619-A07F-4BAA-A5A2-748DB257BCB3}.Debug|Any CPU.ActiveCfg = Debug|Any CPU
		{4E62F619-A07F-4BAA-A5A2-748DB257BCB3}.Debug|Any CPU.Build.0 = Debug|Any CPU
		{4E62F619-A07F-4BAA-A5A2-748DB257BCB3}.Release|Any CPU.ActiveCfg = Release|Any CPU
		{4E62F619-A07F-4BAA-A5A2-748DB257BCB3}.Release|Any CPU.Build.0 = Release|Any CPU
		{030CC2E6-CA78-4490-BE52-A13EFF02CEAA}.Debug|Any CPU.ActiveCfg = Debug|Any CPU
		{030CC2E6-CA78-4490-BE52-A13EFF02CEAA}.Debug|Any CPU.Build.0 = Debug|Any CPU
		{030CC2E6-CA78-4490-BE52-A13EFF02CEAA}.Release|Any CPU.ActiveCfg = Release|Any CPU
		{030CC2E6-CA78-4490-BE52-A13EFF02CEAA}.Release|Any CPU.Build.0 = Release|Any CPU
	EndGlobalSection
	GlobalSection(SolutionProperties) = preSolution
		HideSolutionNode = FALSE
	EndGlobalSection
	GlobalSection(ExtensibilityGlobals) = postSolution
		SolutionGuid = {3BF1680F-EC8B-4914-B9D5-91853C88856D}
	EndGlobalSection
EndGlobal
