
Microsoft Visual Studio Solution File, Format Version 12.00
# Visual Studio Version 17
VisualStudioVersion = 17.2.32519.379
MinimumVisualStudioVersion = 10.0.40219.1
Project("{FAE04EC0-301F-11D3-BF4B-00C04F79EFBC}") = "CLASS LIBRARY HANDS ON", "CLASS LIBRARY HANDS ON.csproj", "{3E677941-38DE-472D-B75A-68C09D35E2D9}"
EndProject
Project("{FAE04EC0-301F-11D3-BF4B-00C04F79EFBC}") = "CALL LIBRARY CLASS", "CALL LIBRARY CLASS\CALL LIBRARY CLASS.csproj", "{9F67AD72-169B-4217-92DA-1BFD69A00824}"
EndProject
Global
	GlobalSection(SolutionConfigurationPlatforms) = preSolution
		Debug|Any CPU = Debug|Any CPU
		Release|Any CPU = Release|Any CPU
	EndGlobalSection
	GlobalSection(ProjectConfigurationPlatforms) = postSolution
		{3E677941-38DE-472D-B75A-68C09D35E2D9}.Debug|Any CPU.ActiveCfg = Debug|Any CPU
		{3E677941-38DE-472D-B75A-68C09D35E2D9}.Debug|Any CPU.Build.0 = Debug|Any CPU
		{3E677941-38DE-472D-B75A-68C09D35E2D9}.Release|Any CPU.ActiveCfg = Release|Any CPU
		{3E677941-38DE-472D-B75A-68C09D35E2D9}.Release|Any CPU.Build.0 = Release|Any CPU
		{9F67AD72-169B-4217-92DA-1BFD69A00824}.Debug|Any CPU.ActiveCfg = Debug|Any CPU
		{9F67AD72-169B-4217-92DA-1BFD69A00824}.Debug|Any CPU.Build.0 = Debug|Any CPU
		{9F67AD72-169B-4217-92DA-1BFD69A00824}.Release|Any CPU.ActiveCfg = Release|Any CPU
		{9F67AD72-169B-4217-92DA-1BFD69A00824}.Release|Any CPU.Build.0 = Release|Any CPU
	EndGlobalSection
	GlobalSection(SolutionProperties) = preSolution
		HideSolutionNode = FALSE
	EndGlobalSection
	GlobalSection(ExtensibilityGlobals) = postSolution
		SolutionGuid = {5F5E4786-59DE-4402-85A0-C8D9AF7ECAB1}
	EndGlobalSection
EndGlobal
