
Microsoft Visual Studio Solution File, Format Version 12.00
# Visual Studio Version 17
VisualStudioVersion = 17.2.32602.215
MinimumVisualStudioVersion = 10.0.40219.1
Project("{9A19103F-16F7-4668-BE54-9A1E7A4F7556}") = "EntityFramework.Data", "EntityFramework.Data.csproj", "{AD7B66F0-ACAA-4051-8BD4-C4E07C8E73E0}"
EndProject
Project("{9A19103F-16F7-4668-BE54-9A1E7A4F7556}") = "ACCESS ENTITYFRAMEWORK DATA", "ACCESS ENTITYFRAMEWORK DATA\ACCESS ENTITYFRAMEWORK DATA.csproj", "{D4C391EB-D1F6-4240-AC71-956DA09A641F}"
EndProject
Global
	GlobalSection(SolutionConfigurationPlatforms) = preSolution
		Debug|Any CPU = Debug|Any CPU
		Release|Any CPU = Release|Any CPU
	EndGlobalSection
	GlobalSection(ProjectConfigurationPlatforms) = postSolution
		{AD7B66F0-ACAA-4051-8BD4-C4E07C8E73E0}.Debug|Any CPU.ActiveCfg = Debug|Any CPU
		{AD7B66F0-ACAA-4051-8BD4-C4E07C8E73E0}.Debug|Any CPU.Build.0 = Debug|Any CPU
		{AD7B66F0-ACAA-4051-8BD4-C4E07C8E73E0}.Release|Any CPU.ActiveCfg = Release|Any CPU
		{AD7B66F0-ACAA-4051-8BD4-C4E07C8E73E0}.Release|Any CPU.Build.0 = Release|Any CPU
		{D4C391EB-D1F6-4240-AC71-956DA09A641F}.Debug|Any CPU.ActiveCfg = Debug|Any CPU
		{D4C391EB-D1F6-4240-AC71-956DA09A641F}.Debug|Any CPU.Build.0 = Debug|Any CPU
		{D4C391EB-D1F6-4240-AC71-956DA09A641F}.Release|Any CPU.ActiveCfg = Release|Any CPU
		{D4C391EB-D1F6-4240-AC71-956DA09A641F}.Release|Any CPU.Build.0 = Release|Any CPU
	EndGlobalSection
	GlobalSection(SolutionProperties) = preSolution
		HideSolutionNode = FALSE
	EndGlobalSection
	GlobalSection(ExtensibilityGlobals) = postSolution
		SolutionGuid = {4D127C0F-2F7B-4BB7-A1F9-DFAC548475A5}
	EndGlobalSection
EndGlobal
